
Microsoft Visual Studio Solution File, Format Version 12.00
# Visual Studio Version 16
VisualStudioVersion = 16.0.31702.278
MinimumVisualStudioVersion = 10.0.40219.1
Project("{FAE04EC0-301F-11D3-BF4B-00C04F79EFBC}") = "KtraThucHanh_Cau1", "KtraThucHanh_Cau1\KtraThucHanh_Cau1.csproj", "{F17ABAB0-8290-41DF-B16A-E04D1CD346D0}"
EndProject
Global
	GlobalSection(SolutionConfigurationPlatforms) = preSolution
		Debug|Any CPU = Debug|Any CPU
		Release|Any CPU = Release|Any CPU
	EndGlobalSection
	GlobalSection(ProjectConfigurationPlatforms) = postSolution
		{F17ABAB0-8290-41DF-B16A-E04D1CD346D0}.Debug|Any CPU.ActiveCfg = Debug|Any CPU
		{F17ABAB0-8290-41DF-B16A-E04D1CD346D0}.Debug|Any CPU.Build.0 = Debug|Any CPU
		{F17ABAB0-8290-41DF-B16A-E04D1CD346D0}.Release|Any CPU.ActiveCfg = Release|Any CPU
		{F17ABAB0-8290-41DF-B16A-E04D1CD346D0}.Release|Any CPU.Build.0 = Release|Any CPU
	EndGlobalSection
	GlobalSection(SolutionProperties) = preSolution
		HideSolutionNode = FALSE
	EndGlobalSection
	GlobalSection(ExtensibilityGlobals) = postSolution
		SolutionGuid = {619FEC09-1AA1-4647-AE54-8E54C18D6A9C}
	EndGlobalSection
EndGlobal
